
Microsoft Visual Studio Solution File, Format Version 12.00
# Visual Studio Version 16
VisualStudioVersion = 16.0.30907.101
MinimumVisualStudioVersion = 10.0.40219.1
Project("{FAE04EC0-301F-11D3-BF4B-00C04F79EFBC}") = "DubScaner", "DubScaner\DubScaner.csproj", "{FAAC0D12-C928-48D9-921C-6C24BFC32469}"
EndProject
Global
	GlobalSection(SolutionConfigurationPlatforms) = preSolution
		Debug|Any CPU = Debug|Any CPU
		Release|Any CPU = Release|Any CPU
	EndGlobalSection
	GlobalSection(ProjectConfigurationPlatforms) = postSolution
		{FAAC0D12-C928-48D9-921C-6C24BFC32469}.Debug|Any CPU.ActiveCfg = Debug|Any CPU
		{FAAC0D12-C928-48D9-921C-6C24BFC32469}.Debug|Any CPU.Build.0 = Debug|Any CPU
		{FAAC0D12-C928-48D9-921C-6C24BFC32469}.Release|Any CPU.ActiveCfg = Release|Any CPU
		{FAAC0D12-C928-48D9-921C-6C24BFC32469}.Release|Any CPU.Build.0 = Release|Any CPU
	EndGlobalSection
	GlobalSection(SolutionProperties) = preSolution
		HideSolutionNode = FALSE
	EndGlobalSection
	GlobalSection(ExtensibilityGlobals) = postSolution
		SolutionGuid = {F53C6823-4C11-4744-B066-26AFCAE21A16}
	EndGlobalSection
EndGlobal
